<?xml version="1.0" encoding="utf-8"?>
<Project ToolsVersion="4.0" xmlns="http://schemas.microsoft.com/developer/msbuild/2003">
  <ItemGroup>
    <Filter Include="Исходные файлы">
      <UniqueIdentifier>{4FC737F1-C7A5-4376-A066-2A32D752A2FF}</UniqueIdentifier>
      <Extensions>cpp;c;cc;cxx;c++;cppm;ixx;def;odl;idl;hpj;bat;asm;asmx</Extensions>
    </Filter>
    <Filter Include="Файлы заголовков">
      <UniqueIdentifier>{93995380-89BD-4b04-88EB-625FBE52EBFB}</UniqueIdentifier>
      <Extensions>h;hh;hpp;hxx;h++;hm;inl;inc;ipp;xsd</Extensions>
    </Filter>
    <Filter Include="Файлы ресурсов">
      <UniqueIdentifier>{67DA6AB6-F800-4c08-8B7A-83BB121AAD01}</UniqueIdentifier>
      <Extensions>rc;ico;cur;bmp;dlg;rc2;rct;bin;rgs;gif;jpg;jpeg;jpe;resx;tiff;tif;png;wav;mfcribbon-ms</Extensions>
    </Filter>
    <Filter Include="Исходные файлы\users">
      <UniqueIdentifier>{deeb167b-ce02-4916-b4d3-f260e82f3c18}</UniqueIdentifier>
    </Filter>
    <Filter Include="Файлы заголовков\users">
      <UniqueIdentifier>{fec6bc4f-ea23-4a1e-a334-a16b2e3a5584}</UniqueIdentifier>
    </Filter>
  </ItemGroup>
  <ItemGroup>
    <ClCompile Include="main.cpp">
      <Filter>Исходные файлы</Filter>
    </ClCompile>
    <ClCompile Include="Admin.cpp">
      <Filter>Исходные файлы\users</Filter>
    </ClCompile>
    <ClCompile Include="Viewer.cpp">
      <Filter>Исходные файлы\users</Filter>
    </ClCompile>
    <ClCompile Include="Record.cpp">
      <Filter>Исходные файлы</Filter>
    </ClCompile>
    <ClCompile Include="Doctor.cpp">
      <Filter>Исходные файлы\users</Filter>
    </ClCompile>
    <ClCompile Include="sha256.cpp">
      <Filter>Исходные файлы</Filter>
    </ClCompile>
    <ClCompile Include="Authorization.cpp">
      <Filter>Исходные файлы</Filter>
    </ClCompile>
    <ClCompile Include="SortForClasses.cpp">
      <Filter>Исходные файлы</Filter>
    </ClCompile>
  </ItemGroup>
  <ItemGroup>
    <ClInclude Include="Admin.h">
      <Filter>Файлы заголовков\users</Filter>
    </ClInclude>
    <ClInclude Include="IUser.h">
      <Filter>Файлы заголовков\users</Filter>
    </ClInclude>
    <ClInclude Include="Viewer.h">
      <Filter>Файлы заголовков\users</Filter>
    </ClInclude>
    <ClInclude Include="Record.h">
      <Filter>Файлы заголовков</Filter>
    </ClInclude>
    <ClInclude Include="Doctor.h">
      <Filter>Файлы заголовков\users</Filter>
    </ClInclude>
    <ClInclude Include="sha256.h">
      <Filter>Файлы заголовков</Filter>
    </ClInclude>
    <ClInclude Include="fileNames.h">
      <Filter>Файлы заголовков</Filter>
    </ClInclude>
    <ClInclude Include="Authorization.h">
      <Filter>Файлы заголовков</Filter>
    </ClInclude>
    <ClInclude Include="SortForClasses.h">
      <Filter>Файлы заголовков</Filter>
    </ClInclude>
  </ItemGroup>
  <ItemGroup>
    <Text Include="baseOfPatients.txt">
      <Filter>Файлы ресурсов</Filter>
    </Text>
  </ItemGroup>
</Project>